// !$*UTF8*$!
{
	archiveVersion = 1;
	classes = {
	};
	objectVersion = 46;
	objects = {

/* Begin PBXBuildFile section */
		1FF1B8831DA2982300702834 /* AppDelegate.swift in Sources */ = {isa = PBXBuildFile; fileRef = 1FF1B8821DA2982300702834 /* AppDelegate.swift */; };
		1FF1B8851DA2982300702834 /* ViewController.swift in Sources */ = {isa = PBXBuildFile; fileRef = 1FF1B8841DA2982300702834 /* ViewController.swift */; };
		1FF1B8881DA2982300702834 /* Main.storyboard in Resources */ = {isa = PBXBuildFile; fileRef = 1FF1B8861DA2982300702834 /* Main.storyboard */; };
		1FF1B88A1DA2982300702834 /* Assets.xcassets in Resources */ = {isa = PBXBuildFile; fileRef = 1FF1B8891DA2982300702834 /* Assets.xcassets */; };
		1FF1B88D1DA2982300702834 /* LaunchScreen.storyboard in Resources */ = {isa = PBXBuildFile; fileRef = 1FF1B88B1DA2982300702834 /* LaunchScreen.storyboard */; };
/* End PBXBuildFile section */

/* Begin PBXFileReference section */
		1FF1B87F1DA2982300702834 /* Transistions.app */ = {isa = PBXFileReference; explicitFileType = wrapper.application; includeInIndex = 0; path = Transistions.app; sourceTree = BUILT_PRODUCTS_DIR; };
		1FF1B8821DA2982300702834 /* AppDelegate.swift */ = {isa = PBXFileReference; lastKnownFileType = sourcecode.swift; path = AppDelegate.swift; sourceTree = "<group>"; };
		1FF1B8841DA2982300702834 /* ViewController.swift */ = {isa = PBXFileReference; lastKnownFileType = sourcecode.swift; path = ViewController.swift; sourceTree = "<group>"; };
		1FF1B8871DA2982300702834 /* Base */ = {isa = PBXFileReference; lastKnownFileType = file.storyboard; name = Base; path = Base.lproj/Main.storyboard; sourceTree = "<group>"; };
		1FF1B8891DA2982300702834 /* Assets.xcassets */ = {isa = PBXFileReference; lastKnownFileType = folder.assetcatalog; path = Assets.xcassets; sourceTree = "<group>"; };
		1FF1B88C1DA2982300702834 /* Base */ = {isa = PBXFileReference; lastKnownFileType = file.storyboard; name = Base; path = Base.lproj/LaunchScreen.storyboard; sourceTree = "<group>"; };
		1FF1B88E1DA2982300702834 /* Info.plist */ = {isa = PBXFileReference; lastKnownFileType = text.plist.xml; path = Info.plist; sourceTree = "<group>"; };
/* End PBXFileReference section */

/* Begin PBXFrameworksBuildPhase section */
		1FF1B87C1DA2982300702834 /* Frameworks */ = {
			isa = PBXFrameworksBuildPhase;
			buildActionMask = 2147483647;
			files = (
			);
			runOnlyForDeploymentPostprocessing = 0;
		};
/* End PBXFrameworksBuildPhase section */

/* Begin PBXGroup section */
		1FF1B8761DA2982300702834 = {
			isa = PBXGroup;
			children = (
				1FF1B8811DA2982300702834 /* Transistions */,
				1FF1B8801DA2982300702834 /* Products */,
			);
			sourceTree = "<group>";
		};
		1FF1B8801DA2982300702834 /* Products */ = {
			isa = PBXGroup;
			children = (
				1FF1B87F1DA2982300702834 /* Transistions.app */,
			);
			name = Products;
			sourceTree = "<group>";
		};
		1FF1B8811DA2982300702834 /* Transistions */ = {
			isa = PBXGroup;
			children = (
				1FF1B8821DA2982300702834 /* AppDelegate.swift */,
				1FF1B8841DA2982300702834 /* ViewController.swift */,
				1FF1B8861DA2982300702834 /* Main.storyboard */,
				1FF1B8891DA2982300702834 /* Assets.xcassets */,
				1FF1B88B1DA2982300702834 /* LaunchScreen.storyboard */,
				1FF1B88E1DA2982300702834 /* Info.plist */,
			);
			path = Transistions;
			sourceTree = "<group>";
		};
/* End PBXGroup section */

/* Begin PBXNativeTarget section */
		1FF1B87E1DA2982300702834 /* Transistions */ = {
			isa = PBXNativeTarget;
			buildConfigurationList = 1FF1B8911DA2982300702834 /* Build configuration list for PBXNativeTarget "Transistions" */;
			buildPhases = (
				1FF1B87B1DA2982300702834 /* Sources */,
				1FF1B87C1DA2982300702834 /* Frameworks */,
				1FF1B87D1DA2982300702834 /* Resources */,
			);
			buildRules = (
			);
			dependencies = (
			);
			name = Transistions;
			productName = Transistions;
			productReference = 1FF1B87F1DA2982300702834 /* Transistions.app */;
			productType = "com.apple.product-type.application";
		};
/* End PBXNativeTarget section */

/* Begin PBXProject section */
		1FF1B8771DA2982300702834 /* Project object */ = {
			isa = PBXProject;
			attributes = {
				LastSwiftUpdateCheck = 0720;
				LastUpgradeCheck = 0720;
				ORGANIZATIONNAME = CTEC;
				TargetAttributes = {
					1FF1B87E1DA2982300702834 = {
						CreatedOnToolsVersion = 7.2;
					};
				};
			};
			buildConfigurationList = 1FF1B87A1DA2982300702834 /* Build configuration list for PBXProject "Transistions" */;
			compatibilityVersion = "Xcode 3.2";
			developmentRegion = English;
			hasScannedForEncodings = 0;
			knownRegions = (
				en,
				Base,
			);
			mainGroup = 1FF1B8761DA2982300702834;
			productRefGroup = 1FF1B8801DA2982300702834 /* Products */;
			projectDirPath = "";
			projectRoot = "";
			targets = (
				1FF1B87E1DA2982300702834 /* Transistions */,
			);
		};
/* End PBXProject section */

/* Begin PBXResourcesBuildPhase section */
		1FF1B87D1DA2982300702834 /* Resources */ = {
			isa = PBXResourcesBuildPhase;
			buildActionMask = 2147483647;
			files = (
				1FF1B88D1DA2982300702834 /* LaunchScreen.storyboard in Resources */,
				1FF1B88A1DA2982300702834 /* Assets.xcassets in Resources */,
				1FF1B8881DA2982300702834 /* Main.storyboard in Resources */,
			);
			runOnlyForDeploymentPostprocessing = 0;
		};
/* End PBXResourcesBuildPhase section */

/* Begin PBXSourcesBuildPhase section */
		1FF1B87B1DA2982300702834 /* Sources */ = {
			isa = PBXSourcesBuildPhase;
			buildActionMask = 2147483647;
			files = (
				1FF1B8851DA2982300702834 /* ViewController.swift in Sources */,
				1FF1B8831DA2982300702834 /* AppDelegate.swift in Sources */,
			);
			runOnlyForDeploymentPostprocessing = 0;
		};
/* End PBXSourcesBuildPhase section */

/* Begin PBXVariantGroup section */
		1FF1B8861DA2982300702834 /* Main.storyboard */ = {
			isa = PBXVariantGroup;
			children = (
				1FF1B8871DA2982300702834 /* Base */,
			);
			name = Main.storyboard;
			sourceTree = "<group>";
		};
		1FF1B88B1DA2982300702834 /* LaunchScreen.storyboard */ = {
			isa = PBXVariantGroup;
			children = (
				1FF1B88C1DA2982300702834 /* Base */,
			);
			name = LaunchScreen.storyboard;
			sourceTree = "<group>";
		};
/* End PBXVariantGroup section */

/* Begin XCBuildConfiguration section */
		1FF1B88F1DA2982300702834 /* Debug */ = {
			isa = XCBuildConfiguration;
			buildSettings = {
				ALWAYS_SEARCH_USER_PATHS = NO;
				CLANG_CXX_LANGUAGE_STANDARD = "gnu++0x";
				CLANG_CXX_LIBRARY = "libc++";
				CLANG_ENABLE_MODULES = YES;
				CLANG_ENABLE_OBJC_ARC = YES;
				CLANG_WARN_BOOL_CONVERSION = YES;
				CLANG_WARN_CONSTANT_CONVERSION = YES;
				CLANG_WARN_DIRECT_OBJC_ISA_USAGE = YES_ERROR;
				CLANG_WARN_EMPTY_BODY = YES;
				CLANG_WARN_ENUM_CONVERSION = YES;
				CLANG_WARN_INT_CONVERSION = YES;
				CLANG_WARN_OBJC_ROOT_CLASS = YES_ERROR;
				CLANG_WARN_UNREACHABLE_CODE = YES;
				CLANG_WARN__DUPLICATE_METHOD_MATCH = YES;
				"CODE_SIGN_IDENTITY[sdk=iphoneos*]" = "iPhone Developer";
				COPY_PHASE_STRIP = NO;
				DEBUG_INFORMATION_FORMAT = dwarf;
				ENABLE_STRICT_OBJC_MSGSEND = YES;
				ENABLE_TESTABILITY = YES;
				GCC_C_LANGUAGE_STANDARD = gnu99;
				GCC_DYNAMIC_NO_PIC = NO;
				GCC_NO_COMMON_BLOCKS = YES;
				GCC_OPTIMIZATION_LEVEL = 0;
				GCC_PREPROCESSOR_DEFINITIONS = (
					"DEBUG=1",
					"$(inherited)",
				);
				GCC_WARN_64_TO_32_BIT_CONVERSION = YES;
				GCC_WARN_ABOUT_RETURN_TYPE = YES_ERROR;
				GCC_WARN_UNDECLARED_SELECTOR = YES;
				GCC_WARN_UNINITIALIZED_AUTOS = YES_AGGRESSIVE;
				GCC_WARN_UNUSED_FUNCTION = YES;
				GCC_WARN_UNUSED_VARIABLE = YES;
				IPHONEOS_DEPLOYMENT_TARGET = 9.2;
				MTL_ENABLE_DEBUG_INFO = YES;
				ONLY_ACTIVE_ARCH = YES;
				SDKROOT = iphoneos;
				SWIFT_OPTIMIZATION_LEVEL = "-Onone";
				TARGETED_DEVICE_FAMILY = "1,2";
			};
			name = Debug;
		};
		1FF1B8901DA2982300702834 /* Release */ = {
			isa = XCBuildConfiguration;
			buildSettings = {
				ALWAYS_SEARCH_USER_PATHS = NO;
				CLANG_CXX_LANGUAGE_STANDARD = "gnu++0x";
				CLANG_CXX_LIBRARY = "libc++";
				CLANG_ENABLE_MODULES = YES;
				CLANG_ENABLE_OBJC_ARC = YES;
				CLANG_WARN_BOOL_CONVERSION = YES;
				CLANG_WARN_CONSTANT_CONVERSION = YES;
				CLANG_WARN_DIRECT_OBJC_ISA_USAGE = YES_ERROR;
				CLANG_WARN_EMPTY_BODY = YES;
				CLANG_WARN_ENUM_CONVERSION = YES;
				CLANG_WARN_INT_CONVERSION = YES;
				CLANG_WARN_OBJC_ROOT_CLASS = YES_ERROR;
				CLANG_WARN_UNREACHABLE_CODE = YES;
				CLANG_WARN__DUPLICATE_METHOD_MATCH = YES;
				"CODE_SIGN_IDENTITY[sdk=iphoneos*]" = "iPhone Developer";
				COPY_PHASE_STRIP = NO;
				DEBUG_INFORMATION_FORMAT = "dwarf-with-dsym";
				ENABLE_NS_ASSERTIONS = NO;
				ENABLE_STRICT_OBJC_MSGSEND = YES;
				GCC_C_LANGUAGE_STANDARD = gnu99;
				GCC_NO_COMMON_BLOCKS = YES;
				GCC_WARN_64_TO_32_BIT_CONVERSION = YES;
				GCC_WARN_ABOUT_RETURN_TYPE = YES_ERROR;
				GCC_WARN_UNDECLARED_SELECTOR = YES;
				GCC_WARN_UNINITIALIZED_AUTOS = YES_AGGRESSIVE;
				GCC_WARN_UNUSED_FUNCTION = YES;
				GCC_WARN_UNUSED_VARIABLE = YES;
				IPHONEOS_DEPLOYMENT_TARGET = 9.2;
				MTL_ENABLE_DEBUG_INFO = NO;
				SDKROOT = iphoneos;
				TARGETED_DEVICE_FAMILY = "1,2";
				VALIDATE_PRODUCT = YES;
			};
			name = Release;
		};
		1FF1B8921DA2982300702834 /* Debug */ = {
			isa = XCBuildConfiguration;
			buildSettings = {
				ASSETCATALOG_COMPILER_APPICON_NAME = AppIcon;
				INFOPLIST_FILE = Transistions/Info.plist;
				LD_RUNPATH_SEARCH_PATHS = "$(inherited) @executable_path/Frameworks";
				PRODUCT_BUNDLE_IDENTIFIER = CTEC.Transistions;
				PRODUCT_NAME = "$(TARGET_NAME)";
			};
			name = Debug;
		};
		1FF1B8931DA2982300702834 /* Release */ = {
			isa = XCBuildConfiguration;
			buildSettings = {
				ASSETCATALOG_COMPILER_APPICON_NAME = AppIcon;
				INFOPLIST_FILE = Transistions/Info.plist;
				LD_RUNPATH_SEARCH_PATHS = "$(inherited) @executable_path/Frameworks";
				PRODUCT_BUNDLE_IDENTIFIER = CTEC.Transistions;
				PRODUCT_NAME = "$(TARGET_NAME)";
			};
			name = Release;
		};
/* End XCBuildConfiguration section */

/* Begin XCConfigurationList section */
		1FF1B87A1DA2982300702834 /* Build configuration list for PBXProject "Transistions" */ = {
			isa = XCConfigurationList;
			buildConfigurations = (
				1FF1B88F1DA2982300702834 /* Debug */,
				1FF1B8901DA2982300702834 /* Release */,
			);
			defaultConfigurationIsVisible = 0;
			defaultConfigurationName = Release;
		};
		1FF1B8911DA2982300702834 /* Build configuration list for PBXNativeTarget "Transistions" */ = {
			isa = XCConfigurationList;
			buildConfigurations = (
				1FF1B8921DA2982300702834 /* Debug */,
				1FF1B8931DA2982300702834 /* Release */,
			);
			defaultConfigurationIsVisible = 0;
		};
/* End XCConfigurationList section */
	};
	rootObject = 1FF1B8771DA2982300702834 /* Project object */;
}
